// !$*UTF8*$!
{
	archiveVersion = 1;
	classes = {
	};
	objectVersion = 46;
	objects = {

/* Begin PBXBuildFile section */
		12AF08791EB6307F00B9D0DD /* AppDelegate.swift in Sources */ = {isa = PBXBuildFile; fileRef = 12AF08781EB6307F00B9D0DD /* AppDelegate.swift */; };
		12AF087B1EB6307F00B9D0DD /* ViewController.swift in Sources */ = {isa = PBXBuildFile; fileRef = 12AF087A1EB6307F00B9D0DD /* ViewController.swift */; };
		12AF087E1EB6307F00B9D0DD /* Main.storyboard in Resources */ = {isa = PBXBuildFile; fileRef = 12AF087C1EB6307F00B9D0DD /* Main.storyboard */; };
		12AF08801EB6307F00B9D0DD /* Assets.xcassets in Resources */ = {isa = PBXBuildFile; fileRef = 12AF087F1EB6307F00B9D0DD /* Assets.xcassets */; };
		12AF08831EB6307F00B9D0DD /* LaunchScreen.storyboard in Resources */ = {isa = PBXBuildFile; fileRef = 12AF08811EB6307F00B9D0DD /* LaunchScreen.storyboard */; };
		12AF088B1EB654DD00B9D0DD /* GoogleService-Info.plist in Resources */ = {isa = PBXBuildFile; fileRef = 12AF088A1EB654DD00B9D0DD /* GoogleService-Info.plist */; };
		12AF088D1EB66ADB00B9D0DD /* MessageCreator.swift in Sources */ = {isa = PBXBuildFile; fileRef = 12AF088C1EB66ADB00B9D0DD /* MessageCreator.swift */; };
		1B9E60988F6D43E951B9A728 /* Pods_MessageApp.framework in Frameworks */ = {isa = PBXBuildFile; fileRef = 1971F4C07E35E91A79673889 /* Pods_MessageApp.framework */; };
/* End PBXBuildFile section */

/* Begin PBXFileReference section */
		0DAB1FCA28D4236FB06D61DE /* Pods-MessageApp.debug.xcconfig */ = {isa = PBXFileReference; includeInIndex = 1; lastKnownFileType = text.xcconfig; name = "Pods-MessageApp.debug.xcconfig"; path = "Pods/Target Support Files/Pods-MessageApp/Pods-MessageApp.debug.xcconfig"; sourceTree = "<group>"; };
		12AF08751EB6307F00B9D0DD /* MessageApp.app */ = {isa = PBXFileReference; explicitFileType = wrapper.application; includeInIndex = 0; path = MessageApp.app; sourceTree = BUILT_PRODUCTS_DIR; };
		12AF08781EB6307F00B9D0DD /* AppDelegate.swift */ = {isa = PBXFileReference; lastKnownFileType = sourcecode.swift; path = AppDelegate.swift; sourceTree = "<group>"; };
		12AF087A1EB6307F00B9D0DD /* ViewController.swift */ = {isa = PBXFileReference; lastKnownFileType = sourcecode.swift; path = ViewController.swift; sourceTree = "<group>"; };
		12AF087D1EB6307F00B9D0DD /* Base */ = {isa = PBXFileReference; lastKnownFileType = file.storyboard; name = Base; path = Base.lproj/Main.storyboard; sourceTree = "<group>"; };
		12AF087F1EB6307F00B9D0DD /* Assets.xcassets */ = {isa = PBXFileReference; lastKnownFileType = folder.assetcatalog; path = Assets.xcassets; sourceTree = "<group>"; };
		12AF08821EB6307F00B9D0DD /* Base */ = {isa = PBXFileReference; lastKnownFileType = file.storyboard; name = Base; path = Base.lproj/LaunchScreen.storyboard; sourceTree = "<group>"; };
		12AF08841EB6307F00B9D0DD /* Info.plist */ = {isa = PBXFileReference; lastKnownFileType = text.plist.xml; path = Info.plist; sourceTree = "<group>"; };
		12AF088A1EB654DD00B9D0DD /* GoogleService-Info.plist */ = {isa = PBXFileReference; fileEncoding = 4; lastKnownFileType = text.plist.xml; path = "GoogleService-Info.plist"; sourceTree = "<group>"; };
		12AF088C1EB66ADB00B9D0DD /* MessageCreator.swift */ = {isa = PBXFileReference; fileEncoding = 4; lastKnownFileType = sourcecode.swift; path = MessageCreator.swift; sourceTree = "<group>"; };
		1971F4C07E35E91A79673889 /* Pods_MessageApp.framework */ = {isa = PBXFileReference; explicitFileType = wrapper.framework; includeInIndex = 0; path = Pods_MessageApp.framework; sourceTree = BUILT_PRODUCTS_DIR; };
		AD4E038524464C5A890E5E25 /* Pods-MessageApp.release.xcconfig */ = {isa = PBXFileReference; includeInIndex = 1; lastKnownFileType = text.xcconfig; name = "Pods-MessageApp.release.xcconfig"; path = "Pods/Target Support Files/Pods-MessageApp/Pods-MessageApp.release.xcconfig"; sourceTree = "<group>"; };
/* End PBXFileReference section */

/* Begin PBXFrameworksBuildPhase section */
		12AF08721EB6307F00B9D0DD /* Frameworks */ = {
			isa = PBXFrameworksBuildPhase;
			buildActionMask = 2147483647;
			files = (
				1B9E60988F6D43E951B9A728 /* Pods_MessageApp.framework in Frameworks */,
			);
			runOnlyForDeploymentPostprocessing = 0;
		};
/* End PBXFrameworksBuildPhase section */

/* Begin PBXGroup section */
		12AF086C1EB6307F00B9D0DD = {
			isa = PBXGroup;
			children = (
				12AF08771EB6307F00B9D0DD /* MessageApp */,
				12AF08761EB6307F00B9D0DD /* Products */,
				4CA7CA7BF984C450142B0F68 /* Pods */,
				16FA4D3F7EAB5F8465119293 /* Frameworks */,
			);
			sourceTree = "<group>";
		};
		12AF08761EB6307F00B9D0DD /* Products */ = {
			isa = PBXGroup;
			children = (
				12AF08751EB6307F00B9D0DD /* MessageApp.app */,
			);
			name = Products;
			sourceTree = "<group>";
		};
		12AF08771EB6307F00B9D0DD /* MessageApp */ = {
			isa = PBXGroup;
			children = (
				12AF088A1EB654DD00B9D0DD /* GoogleService-Info.plist */,
				12AF08781EB6307F00B9D0DD /* AppDelegate.swift */,
				12AF087A1EB6307F00B9D0DD /* ViewController.swift */,
				12AF087C1EB6307F00B9D0DD /* Main.storyboard */,
				12AF087F1EB6307F00B9D0DD /* Assets.xcassets */,
				12AF08811EB6307F00B9D0DD /* LaunchScreen.storyboard */,
				12AF08841EB6307F00B9D0DD /* Info.plist */,
				12AF088C1EB66ADB00B9D0DD /* MessageCreator.swift */,
			);
			path = MessageApp;
			sourceTree = "<group>";
		};
		16FA4D3F7EAB5F8465119293 /* Frameworks */ = {
			isa = PBXGroup;
			children = (
				1971F4C07E35E91A79673889 /* Pods_MessageApp.framework */,
			);
			name = Frameworks;
			sourceTree = "<group>";
		};
		4CA7CA7BF984C450142B0F68 /* Pods */ = {
			isa = PBXGroup;
			children = (
				0DAB1FCA28D4236FB06D61DE /* Pods-MessageApp.debug.xcconfig */,
				AD4E038524464C5A890E5E25 /* Pods-MessageApp.release.xcconfig */,
			);
			name = Pods;
			sourceTree = "<group>";
		};
/* End PBXGroup section */

/* Begin PBXNativeTarget section */
		12AF08741EB6307F00B9D0DD /* MessageApp */ = {
			isa = PBXNativeTarget;
			buildConfigurationList = 12AF08871EB6307F00B9D0DD /* Build configuration list for PBXNativeTarget "MessageApp" */;
			buildPhases = (
				2FDD36A134CCFB77D5CF949E /* [CP] Check Pods Manifest.lock */,
				12AF08711EB6307F00B9D0DD /* Sources */,
				12AF08721EB6307F00B9D0DD /* Frameworks */,
				12AF08731EB6307F00B9D0DD /* Resources */,
				AC6D61F17B69B2ACFBF9E9EB /* [CP] Embed Pods Frameworks */,
				6BBFE034116034C03220AA14 /* [CP] Copy Pods Resources */,
			);
			buildRules = (
			);
			dependencies = (
			);
			name = MessageApp;
			productName = MessageApp;
			productReference = 12AF08751EB6307F00B9D0DD /* MessageApp.app */;
			productType = "com.apple.product-type.application";
		};
/* End PBXNativeTarget section */

/* Begin PBXProject section */
		12AF086D1EB6307F00B9D0DD /* Project object */ = {
			isa = PBXProject;
			attributes = {
				LastSwiftUpdateCheck = 0820;
				LastUpgradeCheck = 0820;
				ORGANIZATIONNAME = ASolo;
				TargetAttributes = {
					12AF08741EB6307F00B9D0DD = {
						CreatedOnToolsVersion = 8.2.1;
						DevelopmentTeam = D4QFPHUUD5;
						ProvisioningStyle = Automatic;
					};
				};
			};
			buildConfigurationList = 12AF08701EB6307F00B9D0DD /* Build configuration list for PBXProject "MessageApp" */;
			compatibilityVersion = "Xcode 3.2";
			developmentRegion = English;
			hasScannedForEncodings = 0;
			knownRegions = (
				en,
				Base,
			);
			mainGroup = 12AF086C1EB6307F00B9D0DD;
			productRefGroup = 12AF08761EB6307F00B9D0DD /* Products */;
			projectDirPath = "";
			projectRoot = "";
			targets = (
				12AF08741EB6307F00B9D0DD /* MessageApp */,
			);
		};
/* End PBXProject section */

/* Begin PBXResourcesBuildPhase section */
		12AF08731EB6307F00B9D0DD /* Resources */ = {
			isa = PBXResourcesBuildPhase;
			buildActionMask = 2147483647;
			files = (
				12AF08831EB6307F00B9D0DD /* LaunchScreen.storyboard in Resources */,
				12AF088B1EB654DD00B9D0DD /* GoogleService-Info.plist in Resources */,
				12AF08801EB6307F00B9D0DD /* Assets.xcassets in Resources */,
				12AF087E1EB6307F00B9D0DD /* Main.storyboard in Resources */,
			);
			runOnlyForDeploymentPostprocessing = 0;
		};
/* End PBXResourcesBuildPhase section */

/* Begin PBXShellScriptBuildPhase section */
		2FDD36A134CCFB77D5CF949E /* [CP] Check Pods Manifest.lock */ = {
			isa = PBXShellScriptBuildPhase;
			buildActionMask = 2147483647;
			files = (
			);
			inputPaths = (
			);
			name = "[CP] Check Pods Manifest.lock";
			outputPaths = (
			);
			runOnlyForDeploymentPostprocessing = 0;
			shellPath = /bin/sh;
			shellScript = "diff \"${PODS_ROOT}/../Podfile.lock\" \"${PODS_ROOT}/Manifest.lock\" > /dev/null\nif [[ $? != 0 ]] ; then\n    cat << EOM\nerror: The sandbox is not in sync with the Podfile.lock. Run 'pod install' or update your CocoaPods installation.\nEOM\n    exit 1\nfi\n";
			showEnvVarsInLog = 0;
		};
		6BBFE034116034C03220AA14 /* [CP] Copy Pods Resources */ = {
			isa = PBXShellScriptBuildPhase;
			buildActionMask = 2147483647;
			files = (
			);
			inputPaths = (
			);
			name = "[CP] Copy Pods Resources";
			outputPaths = (
			);
			runOnlyForDeploymentPostprocessing = 0;
			shellPath = /bin/sh;
			shellScript = "\"${SRCROOT}/Pods/Target Support Files/Pods-MessageApp/Pods-MessageApp-resources.sh\"\n";
			showEnvVarsInLog = 0;
		};
		AC6D61F17B69B2ACFBF9E9EB /* [CP] Embed Pods Frameworks */ = {
			isa = PBXShellScriptBuildPhase;
			buildActionMask = 2147483647;
			files = (
			);
			inputPaths = (
			);
			name = "[CP] Embed Pods Frameworks";
			outputPaths = (
			);
			runOnlyForDeploymentPostprocessing = 0;
			shellPath = /bin/sh;
			shellScript = "\"${SRCROOT}/Pods/Target Support Files/Pods-MessageApp/Pods-MessageApp-frameworks.sh\"\n";
			showEnvVarsInLog = 0;
		};
/* End PBXShellScriptBuildPhase section */

/* Begin PBXSourcesBuildPhase section */
		12AF08711EB6307F00B9D0DD /* Sources */ = {
			isa = PBXSourcesBuildPhase;
			buildActionMask = 2147483647;
			files = (
				12AF088D1EB66ADB00B9D0DD /* MessageCreator.swift in Sources */,
				12AF087B1EB6307F00B9D0DD /* ViewController.swift in Sources */,
				12AF08791EB6307F00B9D0DD /* AppDelegate.swift in Sources */,
			);
			runOnlyForDeploymentPostprocessing = 0;
		};
/* End PBXSourcesBuildPhase section */

/* Begin PBXVariantGroup section */
		12AF087C1EB6307F00B9D0DD /* Main.storyboard */ = {
			isa = PBXVariantGroup;
			children = (
				12AF087D1EB6307F00B9D0DD /* Base */,
			);
			name = Main.storyboard;
			sourceTree = "<group>";
		};
		12AF08811EB6307F00B9D0DD /* LaunchScreen.storyboard */ = {
			isa = PBXVariantGroup;
			children = (
				12AF08821EB6307F00B9D0DD /* Base */,
			);
			name = LaunchScreen.storyboard;
			sourceTree = "<group>";
		};
/* End PBXVariantGroup section */

/* Begin XCBuildConfiguration section */
		12AF08851EB6307F00B9D0DD /* Debug */ = {
			isa = XCBuildConfiguration;
			buildSettings = {
				ALWAYS_SEARCH_USER_PATHS = NO;
				CLANG_ANALYZER_NONNULL = YES;
				CLANG_CXX_LANGUAGE_STANDARD = "gnu++0x";
				CLANG_CXX_LIBRARY = "libc++";
				CLANG_ENABLE_MODULES = YES;
				CLANG_ENABLE_OBJC_ARC = YES;
				CLANG_WARN_BOOL_CONVERSION = YES;
				CLANG_WARN_CONSTANT_CONVERSION = YES;
				CLANG_WARN_DIRECT_OBJC_ISA_USAGE = YES_ERROR;
				CLANG_WARN_DOCUMENTATION_COMMENTS = YES;
				CLANG_WARN_EMPTY_BODY = YES;
				CLANG_WARN_ENUM_CONVERSION = YES;
				CLANG_WARN_INFINITE_RECURSION = YES;
				CLANG_WARN_INT_CONVERSION = YES;
				CLANG_WARN_OBJC_ROOT_CLASS = YES_ERROR;
				CLANG_WARN_SUSPICIOUS_MOVE = YES;
				CLANG_WARN_UNREACHABLE_CODE = YES;
				CLANG_WARN__DUPLICATE_METHOD_MATCH = YES;
				"CODE_SIGN_IDENTITY[sdk=iphoneos*]" = "iPhone Developer";
				COPY_PHASE_STRIP = NO;
				DEBUG_INFORMATION_FORMAT = dwarf;
				ENABLE_STRICT_OBJC_MSGSEND = YES;
				ENABLE_TESTABILITY = YES;
				GCC_C_LANGUAGE_STANDARD = gnu99;
				GCC_DYNAMIC_NO_PIC = NO;
				GCC_NO_COMMON_BLOCKS = YES;
				GCC_OPTIMIZATION_LEVEL = 0;
				GCC_PREPROCESSOR_DEFINITIONS = (
					"DEBUG=1",
					"$(inherited)",
				);
				GCC_WARN_64_TO_32_BIT_CONVERSION = YES;
				GCC_WARN_ABOUT_RETURN_TYPE = YES_ERROR;
				GCC_WARN_UNDECLARED_SELECTOR = YES;
				GCC_WARN_UNINITIALIZED_AUTOS = YES_AGGRESSIVE;
				GCC_WARN_UNUSED_FUNCTION = YES;
				GCC_WARN_UNUSED_VARIABLE = YES;
				IPHONEOS_DEPLOYMENT_TARGET = 10.2;
				MTL_ENABLE_DEBUG_INFO = YES;
				ONLY_ACTIVE_ARCH = YES;
				SDKROOT = iphoneos;
				SWIFT_ACTIVE_COMPILATION_CONDITIONS = DEBUG;
				SWIFT_OPTIMIZATION_LEVEL = "-Onone";
			};
			name = Debug;
		};
		12AF08861EB6307F00B9D0DD /* Release */ = {
			isa = XCBuildConfiguration;
			buildSettings = {
				ALWAYS_SEARCH_USER_PATHS = NO;
				CLANG_ANALYZER_NONNULL = YES;
				CLANG_CXX_LANGUAGE_STANDARD = "gnu++0x";
				CLANG_CXX_LIBRARY = "libc++";
				CLANG_ENABLE_MODULES = YES;
				CLANG_ENABLE_OBJC_ARC = YES;
				CLANG_WARN_BOOL_CONVERSION = YES;
				CLANG_WARN_CONSTANT_CONVERSION = YES;
				CLANG_WARN_DIRECT_OBJC_ISA_USAGE = YES_ERROR;
				CLANG_WARN_DOCUMENTATION_COMMENTS = YES;
				CLANG_WARN_EMPTY_BODY = YES;
				CLANG_WARN_ENUM_CONVERSION = YES;
				CLANG_WARN_INFINITE_RECURSION = YES;
				CLANG_WARN_INT_CONVERSION = YES;
				CLANG_WARN_OBJC_ROOT_CLASS = YES_ERROR;
				CLANG_WARN_SUSPICIOUS_MOVE = YES;
				CLANG_WARN_UNREACHABLE_CODE = YES;
				CLANG_WARN__DUPLICATE_METHOD_MATCH = YES;
				"CODE_SIGN_IDENTITY[sdk=iphoneos*]" = "iPhone Developer";
				COPY_PHASE_STRIP = NO;
				DEBUG_INFORMATION_FORMAT = "dwarf-with-dsym";
				ENABLE_NS_ASSERTIONS = NO;
				ENABLE_STRICT_OBJC_MSGSEND = YES;
				GCC_C_LANGUAGE_STANDARD = gnu99;
				GCC_NO_COMMON_BLOCKS = YES;
				GCC_WARN_64_TO_32_BIT_CONVERSION = YES;
				GCC_WARN_ABOUT_RETURN_TYPE = YES_ERROR;
				GCC_WARN_UNDECLARED_SELECTOR = YES;
				GCC_WARN_UNINITIALIZED_AUTOS = YES_AGGRESSIVE;
				GCC_WARN_UNUSED_FUNCTION = YES;
				GCC_WARN_UNUSED_VARIABLE = YES;
				IPHONEOS_DEPLOYMENT_TARGET = 10.2;
				MTL_ENABLE_DEBUG_INFO = NO;
				SDKROOT = iphoneos;
				SWIFT_OPTIMIZATION_LEVEL = "-Owholemodule";
				VALIDATE_PRODUCT = YES;
			};
			name = Release;
		};
		12AF08881EB6307F00B9D0DD /* Debug */ = {
			isa = XCBuildConfiguration;
			baseConfigurationReference = 0DAB1FCA28D4236FB06D61DE /* Pods-MessageApp.debug.xcconfig */;
			buildSettings = {
				ASSETCATALOG_COMPILER_APPICON_NAME = AppIcon;
				DEVELOPMENT_TEAM = D4QFPHUUD5;
				INFOPLIST_FILE = MessageApp/Info.plist;
				LD_RUNPATH_SEARCH_PATHS = "$(inherited) @executable_path/Frameworks";
				PRODUCT_BUNDLE_IDENTIFIER = com.ASolo.MessageApp;
				PRODUCT_NAME = "$(TARGET_NAME)";
				SWIFT_VERSION = 3.0;
			};
			name = Debug;
		};
		12AF08891EB6307F00B9D0DD /* Release */ = {
			isa = XCBuildConfiguration;
			baseConfigurationReference = AD4E038524464C5A890E5E25 /* Pods-MessageApp.release.xcconfig */;
			buildSettings = {
				ASSETCATALOG_COMPILER_APPICON_NAME = AppIcon;
				DEVELOPMENT_TEAM = D4QFPHUUD5;
				INFOPLIST_FILE = MessageApp/Info.plist;
				LD_RUNPATH_SEARCH_PATHS = "$(inherited) @executable_path/Frameworks";
				PRODUCT_BUNDLE_IDENTIFIER = com.ASolo.MessageApp;
				PRODUCT_NAME = "$(TARGET_NAME)";
				SWIFT_VERSION = 3.0;
			};
			name = Release;
		};
/* End XCBuildConfiguration section */

/* Begin XCConfigurationList section */
		12AF08701EB6307F00B9D0DD /* Build configuration list for PBXProject "MessageApp" */ = {
			isa = XCConfigurationList;
			buildConfigurations = (
				12AF08851EB6307F00B9D0DD /* Debug */,
				12AF08861EB6307F00B9D0DD /* Release */,
			);
			defaultConfigurationIsVisible = 0;
			defaultConfigurationName = Release;
		};
		12AF08871EB6307F00B9D0DD /* Build configuration list for PBXNativeTarget "MessageApp" */ = {
			isa = XCConfigurationList;
			buildConfigurations = (
				12AF08881EB6307F00B9D0DD /* Debug */,
				12AF08891EB6307F00B9D0DD /* Release */,
			);
			defaultConfigurationIsVisible = 0;
			defaultConfigurationName = Release;
		};
/* End XCConfigurationList section */
	};
	rootObject = 12AF086D1EB6307F00B9D0DD /* Project object */;
}
